
Microsoft Visual Studio Solution File, Format Version 12.00
# Visual Studio Version 17
VisualStudioVersion = 17.4.33110.190
MinimumVisualStudioVersion = 10.0.40219.1
Project("{FAE04EC0-301F-11D3-BF4B-00C04F79EFBC}") = "Aula3", "Aula3\Aula3.csproj", "{AA31B98D-C851-4595-8DD7-E7E9E7348637}"
EndProject
Project("{FAE04EC0-301F-11D3-BF4B-00C04F79EFBC}") = "ExemploEnum", "ExemploEnum\ExemploEnum.csproj", "{A9264B5D-0416-4DF1-8E36-E570D572474D}"
EndProject
Project("{FAE04EC0-301F-11D3-BF4B-00C04F79EFBC}") = "BancoImpacta", "BancoImpacta\BancoImpacta.csproj", "{591E3232-34A6-4411-A114-B908DCB0C910}"
EndProject
Global
	GlobalSection(SolutionConfigurationPlatforms) = preSolution
		Debug|Any CPU = Debug|Any CPU
		Release|Any CPU = Release|Any CPU
	EndGlobalSection
	GlobalSection(ProjectConfigurationPlatforms) = postSolution
		{AA31B98D-C851-4595-8DD7-E7E9E7348637}.Debug|Any CPU.ActiveCfg = Debug|Any CPU
		{AA31B98D-C851-4595-8DD7-E7E9E7348637}.Debug|Any CPU.Build.0 = Debug|Any CPU
		{AA31B98D-C851-4595-8DD7-E7E9E7348637}.Release|Any CPU.ActiveCfg = Release|Any CPU
		{AA31B98D-C851-4595-8DD7-E7E9E7348637}.Release|Any CPU.Build.0 = Release|Any CPU
		{A9264B5D-0416-4DF1-8E36-E570D572474D}.Debug|Any CPU.ActiveCfg = Debug|Any CPU
		{A9264B5D-0416-4DF1-8E36-E570D572474D}.Debug|Any CPU.Build.0 = Debug|Any CPU
		{A9264B5D-0416-4DF1-8E36-E570D572474D}.Release|Any CPU.ActiveCfg = Release|Any CPU
		{A9264B5D-0416-4DF1-8E36-E570D572474D}.Release|Any CPU.Build.0 = Release|Any CPU
		{591E3232-34A6-4411-A114-B908DCB0C910}.Debug|Any CPU.ActiveCfg = Debug|Any CPU
		{591E3232-34A6-4411-A114-B908DCB0C910}.Debug|Any CPU.Build.0 = Debug|Any CPU
		{591E3232-34A6-4411-A114-B908DCB0C910}.Release|Any CPU.ActiveCfg = Release|Any CPU
		{591E3232-34A6-4411-A114-B908DCB0C910}.Release|Any CPU.Build.0 = Release|Any CPU
	EndGlobalSection
	GlobalSection(SolutionProperties) = preSolution
		HideSolutionNode = FALSE
	EndGlobalSection
	GlobalSection(ExtensibilityGlobals) = postSolution
		SolutionGuid = {EFE820BD-79F9-42F0-9913-1CAEE717D78D}
	EndGlobalSection
EndGlobal
